// !$*UTF8*$!
{
	archiveVersion = 1;
	classes = {
	};
	objectVersion = 56;
	objects = {

/* Begin PBXBuildFile section */
		820390E929FED0B500C9773F /* AppState+isos.swift in Sources */ = {isa = PBXBuildFile; fileRef = 820390E829FED0B500C9773F /* AppState+isos.swift */; };
		820390EC29FED2D400C9773F /* ISOViewItem+ext.swift in Sources */ = {isa = PBXBuildFile; fileRef = 820390EB29FED2D400C9773F /* ISOViewItem+ext.swift */; };
		820D31F72A02C4E600A2928B /* GridStatusCommonUI in Frameworks */ = {isa = PBXBuildFile; productRef = 820D31F62A02C4E600A2928B /* GridStatusCommonUI */; };
		820D31F92A02C52C00A2928B /* GridStatusCommonUI in Frameworks */ = {isa = PBXBuildFile; productRef = 820D31F82A02C52C00A2928B /* GridStatusCommonUI */; };
		820D31FC2A02C74200A2928B /* Core in Frameworks */ = {isa = PBXBuildFile; productRef = 820D31FB2A02C74200A2928B /* Core */; };
		820D32002A03194800A2928B /* StackedAreaChartItem+ext.swift in Sources */ = {isa = PBXBuildFile; fileRef = 820D31FF2A03194800A2928B /* StackedAreaChartItem+ext.swift */; };
		822633532A035E70005D004A /* AppState+chartConfig.swift in Sources */ = {isa = PBXBuildFile; fileRef = 822633522A035E70005D004A /* AppState+chartConfig.swift */; };
		822841DF2A0B53E8000801F4 /* StandardFiveMinuteResponse.swift in Sources */ = {isa = PBXBuildFile; fileRef = 822841D52A0B53E8000801F4 /* StandardFiveMinuteResponse.swift */; };
		822841E02A0B53E8000801F4 /* GetFiveMinDataRequest.swift in Sources */ = {isa = PBXBuildFile; fileRef = 822841D72A0B53E8000801F4 /* GetFiveMinDataRequest.swift */; };
		822841E12A0B53E8000801F4 /* caiso_standardized_5_min_response.json in Resources */ = {isa = PBXBuildFile; fileRef = 822841D92A0B53E8000801F4 /* caiso_standardized_5_min_response.json */; };
		822841E22A0B53E8000801F4 /* isos_latest_query_response.json in Resources */ = {isa = PBXBuildFile; fileRef = 822841DA2A0B53E8000801F4 /* isos_latest_query_response.json */; };
		822841E32A0B53E8000801F4 /* GetISODetailsRequest.swift in Sources */ = {isa = PBXBuildFile; fileRef = 822841DB2A0B53E8000801F4 /* GetISODetailsRequest.swift */; };
		822841E42A0B53E8000801F4 /* ISO.swift in Sources */ = {isa = PBXBuildFile; fileRef = 822841DD2A0B53E8000801F4 /* ISO.swift */; };
		822841E52A0B53E8000801F4 /* StandardFiveMinute.swift in Sources */ = {isa = PBXBuildFile; fileRef = 822841DE2A0B53E8000801F4 /* StandardFiveMinute.swift */; };
		822841E72A0B5414000801F4 /* Timezone+ext.swift in Sources */ = {isa = PBXBuildFile; fileRef = 822841E62A0B5414000801F4 /* Timezone+ext.swift */; };
		822EAA0F29F5843600243ED6 /* GridStatusApp.swift in Sources */ = {isa = PBXBuildFile; fileRef = 822EAA0E29F5843600243ED6 /* GridStatusApp.swift */; };
		822EAA1129F5843600243ED6 /* DashboardView.swift in Sources */ = {isa = PBXBuildFile; fileRef = 822EAA1029F5843600243ED6 /* DashboardView.swift */; };
		822EAA1329F5843700243ED6 /* Assets.xcassets in Resources */ = {isa = PBXBuildFile; fileRef = 822EAA1229F5843700243ED6 /* Assets.xcassets */; };
		822EAA1729F5843700243ED6 /* Preview Assets.xcassets in Resources */ = {isa = PBXBuildFile; fileRef = 822EAA1629F5843700243ED6 /* Preview Assets.xcassets */; };
		822EAA2129F5843700243ED6 /* ISOTests.swift in Sources */ = {isa = PBXBuildFile; fileRef = 822EAA2029F5843700243ED6 /* ISOTests.swift */; };
		822EAA2B29F5843700243ED6 /* GridStatusUITests.swift in Sources */ = {isa = PBXBuildFile; fileRef = 822EAA2A29F5843700243ED6 /* GridStatusUITests.swift */; };
		822EAA2D29F5843700243ED6 /* GridStatusUITestsLaunchTests.swift in Sources */ = {isa = PBXBuildFile; fileRef = 822EAA2C29F5843700243ED6 /* GridStatusUITestsLaunchTests.swift */; };
		822EAA4229F5A1BA00243ED6 /* DateFormatters.swift in Sources */ = {isa = PBXBuildFile; fileRef = 822EAA4129F5A1BA00243ED6 /* DateFormatters.swift */; };
		822EAA4529F5A38800243ED6 /* DateFormattersTests.swift in Sources */ = {isa = PBXBuildFile; fileRef = 822EAA4429F5A38800243ED6 /* DateFormattersTests.swift */; };
		822EAA4929F5ACF300243ED6 /* AppState.swift in Sources */ = {isa = PBXBuildFile; fileRef = 822EAA4829F5ACF300243ED6 /* AppState.swift */; };
		822EAA5629F5C81800243ED6 /* DetailsView.swift in Sources */ = {isa = PBXBuildFile; fileRef = 822EAA5529F5C81800243ED6 /* DetailsView.swift */; };
		82A196F72A0B1AA000F8F715 /* Date+ext.swift in Sources */ = {isa = PBXBuildFile; fileRef = 82A196F62A0B1AA000F8F715 /* Date+ext.swift */; };
		82A196F82A0B1EC800F8F715 /* Date+ext.swift in Sources */ = {isa = PBXBuildFile; fileRef = 82A196F62A0B1AA000F8F715 /* Date+ext.swift */; };
		82C60F692A0C090C003BA504 /* StackedAreaChartItem+ext.swift in Sources */ = {isa = PBXBuildFile; fileRef = 820D31FF2A03194800A2928B /* StackedAreaChartItem+ext.swift */; };
		82C60F6A2A0C0917003BA504 /* StandardFiveMinute.swift in Sources */ = {isa = PBXBuildFile; fileRef = 822841DE2A0B53E8000801F4 /* StandardFiveMinute.swift */; };
		82C60F6B2A0C0942003BA504 /* StandardFiveMinuteResponse.swift in Sources */ = {isa = PBXBuildFile; fileRef = 822841D52A0B53E8000801F4 /* StandardFiveMinuteResponse.swift */; };
		82C60F6C2A0C0A83003BA504 /* caiso_standardized_5_min_response.json in Resources */ = {isa = PBXBuildFile; fileRef = 822841D92A0B53E8000801F4 /* caiso_standardized_5_min_response.json */; };
		82C60F6F2A0C169E003BA504 /* ISOResponse.swift in Sources */ = {isa = PBXBuildFile; fileRef = 82C60F6E2A0C169E003BA504 /* ISOResponse.swift */; };
		82CF873929FF098400DB974C /* WidgetKit.framework in Frameworks */ = {isa = PBXBuildFile; fileRef = 82CF873829FF098400DB974C /* WidgetKit.framework */; };
		82CF873B29FF098400DB974C /* SwiftUI.framework in Frameworks */ = {isa = PBXBuildFile; fileRef = 82CF873A29FF098400DB974C /* SwiftUI.framework */; };
		82CF873E29FF098400DB974C /* GridStatusWidgetBundle.swift in Sources */ = {isa = PBXBuildFile; fileRef = 82CF873D29FF098400DB974C /* GridStatusWidgetBundle.swift */; };
		82CF874029FF098400DB974C /* GridStatusWidgetLiveActivity.swift in Sources */ = {isa = PBXBuildFile; fileRef = 82CF873F29FF098400DB974C /* GridStatusWidgetLiveActivity.swift */; };
		82CF874229FF098400DB974C /* GridStatusWidget.swift in Sources */ = {isa = PBXBuildFile; fileRef = 82CF874129FF098400DB974C /* GridStatusWidget.swift */; };
		82CF874529FF098500DB974C /* Assets.xcassets in Resources */ = {isa = PBXBuildFile; fileRef = 82CF874429FF098500DB974C /* Assets.xcassets */; };
		82CF874729FF098500DB974C /* GridStatusWidget.intentdefinition in Sources */ = {isa = PBXBuildFile; fileRef = 82CF874329FF098400DB974C /* GridStatusWidget.intentdefinition */; };
		82CF874829FF098500DB974C /* GridStatusWidget.intentdefinition in Sources */ = {isa = PBXBuildFile; fileRef = 82CF874329FF098400DB974C /* GridStatusWidget.intentdefinition */; };
		82CF874B29FF098500DB974C /* GridStatusWidgetExtension.appex in Embed Foundation Extensions */ = {isa = PBXBuildFile; fileRef = 82CF873629FF098400DB974C /* GridStatusWidgetExtension.appex */; settings = {ATTRIBUTES = (RemoveHeadersOnCopy, ); }; };
/* End PBXBuildFile section */

/* Begin PBXContainerItemProxy section */
		822EAA1D29F5843700243ED6 /* PBXContainerItemProxy */ = {
			isa = PBXContainerItemProxy;
			containerPortal = 822EAA0329F5843600243ED6 /* Project object */;
			proxyType = 1;
			remoteGlobalIDString = 822EAA0A29F5843600243ED6;
			remoteInfo = GridStatus;
		};
		822EAA2729F5843700243ED6 /* PBXContainerItemProxy */ = {
			isa = PBXContainerItemProxy;
			containerPortal = 822EAA0329F5843600243ED6 /* Project object */;
			proxyType = 1;
			remoteGlobalIDString = 822EAA0A29F5843600243ED6;
			remoteInfo = GridStatus;
		};
		82CF874929FF098500DB974C /* PBXContainerItemProxy */ = {
			isa = PBXContainerItemProxy;
			containerPortal = 822EAA0329F5843600243ED6 /* Project object */;
			proxyType = 1;
			remoteGlobalIDString = 82CF873529FF098400DB974C;
			remoteInfo = GridStatusWidgetExtension;
		};
/* End PBXContainerItemProxy section */

/* Begin PBXCopyFilesBuildPhase section */
		82CF874F29FF098500DB974C /* Embed Foundation Extensions */ = {
			isa = PBXCopyFilesBuildPhase;
			buildActionMask = 2147483647;
			dstPath = "";
			dstSubfolderSpec = 13;
			files = (
				82CF874B29FF098500DB974C /* GridStatusWidgetExtension.appex in Embed Foundation Extensions */,
			);
			name = "Embed Foundation Extensions";
			runOnlyForDeploymentPostprocessing = 0;
		};
/* End PBXCopyFilesBuildPhase section */

/* Begin PBXFileReference section */
		820390E829FED0B500C9773F /* AppState+isos.swift */ = {isa = PBXFileReference; lastKnownFileType = sourcecode.swift; path = "AppState+isos.swift"; sourceTree = "<group>"; };
		820390EB29FED2D400C9773F /* ISOViewItem+ext.swift */ = {isa = PBXFileReference; lastKnownFileType = sourcecode.swift; path = "ISOViewItem+ext.swift"; sourceTree = "<group>"; };
		820D31FF2A03194800A2928B /* StackedAreaChartItem+ext.swift */ = {isa = PBXFileReference; lastKnownFileType = sourcecode.swift; path = "StackedAreaChartItem+ext.swift"; sourceTree = "<group>"; };
		822633522A035E70005D004A /* AppState+chartConfig.swift */ = {isa = PBXFileReference; lastKnownFileType = sourcecode.swift; path = "AppState+chartConfig.swift"; sourceTree = "<group>"; };
		822841D52A0B53E8000801F4 /* StandardFiveMinuteResponse.swift */ = {isa = PBXFileReference; fileEncoding = 4; lastKnownFileType = sourcecode.swift; path = StandardFiveMinuteResponse.swift; sourceTree = "<group>"; };
		822841D72A0B53E8000801F4 /* GetFiveMinDataRequest.swift */ = {isa = PBXFileReference; fileEncoding = 4; lastKnownFileType = sourcecode.swift; path = GetFiveMinDataRequest.swift; sourceTree = "<group>"; };
		822841D92A0B53E8000801F4 /* caiso_standardized_5_min_response.json */ = {isa = PBXFileReference; fileEncoding = 4; lastKnownFileType = text.json; path = caiso_standardized_5_min_response.json; sourceTree = "<group>"; };
		822841DA2A0B53E8000801F4 /* isos_latest_query_response.json */ = {isa = PBXFileReference; fileEncoding = 4; lastKnownFileType = text.json; path = isos_latest_query_response.json; sourceTree = "<group>"; };
		822841DB2A0B53E8000801F4 /* GetISODetailsRequest.swift */ = {isa = PBXFileReference; fileEncoding = 4; lastKnownFileType = sourcecode.swift; path = GetISODetailsRequest.swift; sourceTree = "<group>"; };
		822841DD2A0B53E8000801F4 /* ISO.swift */ = {isa = PBXFileReference; fileEncoding = 4; lastKnownFileType = sourcecode.swift; path = ISO.swift; sourceTree = "<group>"; };
		822841DE2A0B53E8000801F4 /* StandardFiveMinute.swift */ = {isa = PBXFileReference; fileEncoding = 4; lastKnownFileType = sourcecode.swift; path = StandardFiveMinute.swift; sourceTree = "<group>"; };
		822841E62A0B5414000801F4 /* Timezone+ext.swift */ = {isa = PBXFileReference; fileEncoding = 4; lastKnownFileType = sourcecode.swift; path = "Timezone+ext.swift"; sourceTree = "<group>"; };
		822EAA0B29F5843600243ED6 /* GridStatus.app */ = {isa = PBXFileReference; explicitFileType = wrapper.application; includeInIndex = 0; path = GridStatus.app; sourceTree = BUILT_PRODUCTS_DIR; };
		822EAA0E29F5843600243ED6 /* GridStatusApp.swift */ = {isa = PBXFileReference; lastKnownFileType = sourcecode.swift; path = GridStatusApp.swift; sourceTree = "<group>"; };
		822EAA1029F5843600243ED6 /* DashboardView.swift */ = {isa = PBXFileReference; lastKnownFileType = sourcecode.swift; path = DashboardView.swift; sourceTree = "<group>"; };
		822EAA1229F5843700243ED6 /* Assets.xcassets */ = {isa = PBXFileReference; lastKnownFileType = folder.assetcatalog; path = Assets.xcassets; sourceTree = "<group>"; };
		822EAA1429F5843700243ED6 /* GridStatus.entitlements */ = {isa = PBXFileReference; lastKnownFileType = text.plist.entitlements; path = GridStatus.entitlements; sourceTree = "<group>"; };
		822EAA1629F5843700243ED6 /* Preview Assets.xcassets */ = {isa = PBXFileReference; lastKnownFileType = folder.assetcatalog; path = "Preview Assets.xcassets"; sourceTree = "<group>"; };
		822EAA1C29F5843700243ED6 /* GridStatusTests.xctest */ = {isa = PBXFileReference; explicitFileType = wrapper.cfbundle; includeInIndex = 0; path = GridStatusTests.xctest; sourceTree = BUILT_PRODUCTS_DIR; };
		822EAA2029F5843700243ED6 /* ISOTests.swift */ = {isa = PBXFileReference; lastKnownFileType = sourcecode.swift; path = ISOTests.swift; sourceTree = "<group>"; };
		822EAA2629F5843700243ED6 /* GridStatusUITests.xctest */ = {isa = PBXFileReference; explicitFileType = wrapper.cfbundle; includeInIndex = 0; path = GridStatusUITests.xctest; sourceTree = BUILT_PRODUCTS_DIR; };
		822EAA2A29F5843700243ED6 /* GridStatusUITests.swift */ = {isa = PBXFileReference; lastKnownFileType = sourcecode.swift; path = GridStatusUITests.swift; sourceTree = "<group>"; };
		822EAA2C29F5843700243ED6 /* GridStatusUITestsLaunchTests.swift */ = {isa = PBXFileReference; lastKnownFileType = sourcecode.swift; path = GridStatusUITestsLaunchTests.swift; sourceTree = "<group>"; };
		822EAA4129F5A1BA00243ED6 /* DateFormatters.swift */ = {isa = PBXFileReference; lastKnownFileType = sourcecode.swift; path = DateFormatters.swift; sourceTree = "<group>"; };
		822EAA4429F5A38800243ED6 /* DateFormattersTests.swift */ = {isa = PBXFileReference; lastKnownFileType = sourcecode.swift; path = DateFormattersTests.swift; sourceTree = "<group>"; };
		822EAA4829F5ACF300243ED6 /* AppState.swift */ = {isa = PBXFileReference; lastKnownFileType = sourcecode.swift; path = AppState.swift; sourceTree = "<group>"; };
		822EAA5529F5C81800243ED6 /* DetailsView.swift */ = {isa = PBXFileReference; lastKnownFileType = sourcecode.swift; path = DetailsView.swift; sourceTree = "<group>"; };
		82A196F62A0B1AA000F8F715 /* Date+ext.swift */ = {isa = PBXFileReference; lastKnownFileType = sourcecode.swift; path = "Date+ext.swift"; sourceTree = "<group>"; };
		82C60F6E2A0C169E003BA504 /* ISOResponse.swift */ = {isa = PBXFileReference; lastKnownFileType = sourcecode.swift; path = ISOResponse.swift; sourceTree = "<group>"; };
		82CF873629FF098400DB974C /* GridStatusWidgetExtension.appex */ = {isa = PBXFileReference; explicitFileType = "wrapper.app-extension"; includeInIndex = 0; path = GridStatusWidgetExtension.appex; sourceTree = BUILT_PRODUCTS_DIR; };
		82CF873829FF098400DB974C /* WidgetKit.framework */ = {isa = PBXFileReference; lastKnownFileType = wrapper.framework; name = WidgetKit.framework; path = System/Library/Frameworks/WidgetKit.framework; sourceTree = SDKROOT; };
		82CF873A29FF098400DB974C /* SwiftUI.framework */ = {isa = PBXFileReference; lastKnownFileType = wrapper.framework; name = SwiftUI.framework; path = System/Library/Frameworks/SwiftUI.framework; sourceTree = SDKROOT; };
		82CF873D29FF098400DB974C /* GridStatusWidgetBundle.swift */ = {isa = PBXFileReference; lastKnownFileType = sourcecode.swift; path = GridStatusWidgetBundle.swift; sourceTree = "<group>"; };
		82CF873F29FF098400DB974C /* GridStatusWidgetLiveActivity.swift */ = {isa = PBXFileReference; lastKnownFileType = sourcecode.swift; path = GridStatusWidgetLiveActivity.swift; sourceTree = "<group>"; };
		82CF874129FF098400DB974C /* GridStatusWidget.swift */ = {isa = PBXFileReference; lastKnownFileType = sourcecode.swift; path = GridStatusWidget.swift; sourceTree = "<group>"; };
		82CF874329FF098400DB974C /* GridStatusWidget.intentdefinition */ = {isa = PBXFileReference; lastKnownFileType = file.intentdefinition; path = GridStatusWidget.intentdefinition; sourceTree = "<group>"; };
		82CF874429FF098500DB974C /* Assets.xcassets */ = {isa = PBXFileReference; lastKnownFileType = folder.assetcatalog; path = Assets.xcassets; sourceTree = "<group>"; };
		82CF874629FF098500DB974C /* Info.plist */ = {isa = PBXFileReference; lastKnownFileType = text.plist.xml; path = Info.plist; sourceTree = "<group>"; };
/* End PBXFileReference section */

/* Begin PBXFrameworksBuildPhase section */
		822EAA0829F5843600243ED6 /* Frameworks */ = {
			isa = PBXFrameworksBuildPhase;
			buildActionMask = 2147483647;
			files = (
				820D31F72A02C4E600A2928B /* GridStatusCommonUI in Frameworks */,
				820D31FC2A02C74200A2928B /* Core in Frameworks */,
			);
			runOnlyForDeploymentPostprocessing = 0;
		};
		822EAA1929F5843700243ED6 /* Frameworks */ = {
			isa = PBXFrameworksBuildPhase;
			buildActionMask = 2147483647;
			files = (
			);
			runOnlyForDeploymentPostprocessing = 0;
		};
		822EAA2329F5843700243ED6 /* Frameworks */ = {
			isa = PBXFrameworksBuildPhase;
			buildActionMask = 2147483647;
			files = (
			);
			runOnlyForDeploymentPostprocessing = 0;
		};
		82CF873329FF098400DB974C /* Frameworks */ = {
			isa = PBXFrameworksBuildPhase;
			buildActionMask = 2147483647;
			files = (
				820D31F92A02C52C00A2928B /* GridStatusCommonUI in Frameworks */,
				82CF873B29FF098400DB974C /* SwiftUI.framework in Frameworks */,
				82CF873929FF098400DB974C /* WidgetKit.framework in Frameworks */,
			);
			runOnlyForDeploymentPostprocessing = 0;
		};
/* End PBXFrameworksBuildPhase section */

/* Begin PBXGroup section */
		820390EA29FED1F300C9773F /* Extensions */ = {
			isa = PBXGroup;
			children = (
				822841E62A0B5414000801F4 /* Timezone+ext.swift */,
				820390EB29FED2D400C9773F /* ISOViewItem+ext.swift */,
				820D31FF2A03194800A2928B /* StackedAreaChartItem+ext.swift */,
				82A196F62A0B1AA000F8F715 /* Date+ext.swift */,
			);
			path = Extensions;
			sourceTree = "<group>";
		};
		822841D32A0B53E8000801F4 /* Models */ = {
			isa = PBXGroup;
			children = (
				822841D42A0B53E8000801F4 /* Responses */,
				822841D62A0B53E8000801F4 /* Requests */,
				822841DC2A0B53E8000801F4 /* Data */,
			);
			path = Models;
			sourceTree = "<group>";
		};
		822841D42A0B53E8000801F4 /* Responses */ = {
			isa = PBXGroup;
			children = (
				822841D52A0B53E8000801F4 /* StandardFiveMinuteResponse.swift */,
				82C60F6E2A0C169E003BA504 /* ISOResponse.swift */,
			);
			path = Responses;
			sourceTree = "<group>";
		};
		822841D62A0B53E8000801F4 /* Requests */ = {
			isa = PBXGroup;
			children = (
				822841D82A0B53E8000801F4 /* Fixtures */,
				822841D72A0B53E8000801F4 /* GetFiveMinDataRequest.swift */,
				822841DB2A0B53E8000801F4 /* GetISODetailsRequest.swift */,
			);
			path = Requests;
			sourceTree = "<group>";
		};
		822841D82A0B53E8000801F4 /* Fixtures */ = {
			isa = PBXGroup;
			children = (
				822841D92A0B53E8000801F4 /* caiso_standardized_5_min_response.json */,
				822841DA2A0B53E8000801F4 /* isos_latest_query_response.json */,
			);
			path = Fixtures;
			sourceTree = "<group>";
		};
		822841DC2A0B53E8000801F4 /* Data */ = {
			isa = PBXGroup;
			children = (
				822841DD2A0B53E8000801F4 /* ISO.swift */,
				822841DE2A0B53E8000801F4 /* StandardFiveMinute.swift */,
			);
			path = Data;
			sourceTree = "<group>";
		};
		822EAA0229F5843600243ED6 = {
			isa = PBXGroup;
			children = (
				822EAA0D29F5843600243ED6 /* GridStatus */,
				822EAA1F29F5843700243ED6 /* GridStatusTests */,
				822EAA2929F5843700243ED6 /* GridStatusUITests */,
				82CF873C29FF098400DB974C /* GridStatusWidget */,
				82CF873729FF098400DB974C /* Frameworks */,
				822EAA0C29F5843600243ED6 /* Products */,
			);
			sourceTree = "<group>";
		};
		822EAA0C29F5843600243ED6 /* Products */ = {
			isa = PBXGroup;
			children = (
				822EAA0B29F5843600243ED6 /* GridStatus.app */,
				822EAA1C29F5843700243ED6 /* GridStatusTests.xctest */,
				822EAA2629F5843700243ED6 /* GridStatusUITests.xctest */,
				82CF873629FF098400DB974C /* GridStatusWidgetExtension.appex */,
			);
			name = Products;
			sourceTree = "<group>";
		};
		822EAA0D29F5843600243ED6 /* GridStatus */ = {
			isa = PBXGroup;
			children = (
				822EAA4729F5ACC300243ED6 /* AppState */,
				822EAA4629F5A99100243ED6 /* Utilities */,
				822841D32A0B53E8000801F4 /* Models */,
				822EAA4C29F5C34500243ED6 /* Views */,
				822EAA0E29F5843600243ED6 /* GridStatusApp.swift */,
				822EAA1229F5843700243ED6 /* Assets.xcassets */,
				822EAA1429F5843700243ED6 /* GridStatus.entitlements */,
				822EAA1529F5843700243ED6 /* Preview Content */,
			);
			path = GridStatus;
			sourceTree = "<group>";
		};
		822EAA1529F5843700243ED6 /* Preview Content */ = {
			isa = PBXGroup;
			children = (
				822EAA1629F5843700243ED6 /* Preview Assets.xcassets */,
			);
			path = "Preview Content";
			sourceTree = "<group>";
		};
		822EAA1F29F5843700243ED6 /* GridStatusTests */ = {
			isa = PBXGroup;
			children = (
				822EAA4329F5A35900243ED6 /* Formatters */,
				822EAA3F29F5895600243ED6 /* Models */,
			);
			path = GridStatusTests;
			sourceTree = "<group>";
		};
		822EAA2929F5843700243ED6 /* GridStatusUITests */ = {
			isa = PBXGroup;
			children = (
				822EAA2A29F5843700243ED6 /* GridStatusUITests.swift */,
				822EAA2C29F5843700243ED6 /* GridStatusUITestsLaunchTests.swift */,
			);
			path = GridStatusUITests;
			sourceTree = "<group>";
		};
		822EAA3F29F5895600243ED6 /* Models */ = {
			isa = PBXGroup;
			children = (
				822EAA2029F5843700243ED6 /* ISOTests.swift */,
			);
			path = Models;
			sourceTree = "<group>";
		};
		822EAA4329F5A35900243ED6 /* Formatters */ = {
			isa = PBXGroup;
			children = (
				822EAA4429F5A38800243ED6 /* DateFormattersTests.swift */,
			);
			path = Formatters;
			sourceTree = "<group>";
		};
		822EAA4629F5A99100243ED6 /* Utilities */ = {
			isa = PBXGroup;
			children = (
				820390EA29FED1F300C9773F /* Extensions */,
				822EAA4129F5A1BA00243ED6 /* DateFormatters.swift */,
			);
			path = Utilities;
			sourceTree = "<group>";
		};
		822EAA4729F5ACC300243ED6 /* AppState */ = {
			isa = PBXGroup;
			children = (
				822EAA4829F5ACF300243ED6 /* AppState.swift */,
				820390E829FED0B500C9773F /* AppState+isos.swift */,
				822633522A035E70005D004A /* AppState+chartConfig.swift */,
			);
			path = AppState;
			sourceTree = "<group>";
		};
		822EAA4C29F5C34500243ED6 /* Views */ = {
			isa = PBXGroup;
			children = (
				822EAA5529F5C81800243ED6 /* DetailsView.swift */,
				822EAA1029F5843600243ED6 /* DashboardView.swift */,
			);
			path = Views;
			sourceTree = "<group>";
		};
		82CF873729FF098400DB974C /* Frameworks */ = {
			isa = PBXGroup;
			children = (
				82CF873829FF098400DB974C /* WidgetKit.framework */,
				82CF873A29FF098400DB974C /* SwiftUI.framework */,
			);
			name = Frameworks;
			sourceTree = "<group>";
		};
		82CF873C29FF098400DB974C /* GridStatusWidget */ = {
			isa = PBXGroup;
			children = (
				82CF873D29FF098400DB974C /* GridStatusWidgetBundle.swift */,
				82CF873F29FF098400DB974C /* GridStatusWidgetLiveActivity.swift */,
				82CF874129FF098400DB974C /* GridStatusWidget.swift */,
				82CF874329FF098400DB974C /* GridStatusWidget.intentdefinition */,
				82CF874429FF098500DB974C /* Assets.xcassets */,
				82CF874629FF098500DB974C /* Info.plist */,
			);
			path = GridStatusWidget;
			sourceTree = "<group>";
		};
/* End PBXGroup section */

/* Begin PBXNativeTarget section */
		822EAA0A29F5843600243ED6 /* GridStatus */ = {
			isa = PBXNativeTarget;
			buildConfigurationList = 822EAA3029F5843700243ED6 /* Build configuration list for PBXNativeTarget "GridStatus" */;
			buildPhases = (
				822EAA0729F5843600243ED6 /* Sources */,
				822EAA0829F5843600243ED6 /* Frameworks */,
				822EAA0929F5843600243ED6 /* Resources */,
				82CF874F29FF098500DB974C /* Embed Foundation Extensions */,
			);
			buildRules = (
			);
			dependencies = (
				82CF874A29FF098500DB974C /* PBXTargetDependency */,
			);
			name = GridStatus;
			packageProductDependencies = (
				820D31F62A02C4E600A2928B /* GridStatusCommonUI */,
				820D31FB2A02C74200A2928B /* Core */,
			);
			productName = GridStatus;
			productReference = 822EAA0B29F5843600243ED6 /* GridStatus.app */;
			productType = "com.apple.product-type.application";
		};
		822EAA1B29F5843700243ED6 /* GridStatusTests */ = {
			isa = PBXNativeTarget;
			buildConfigurationList = 822EAA3329F5843700243ED6 /* Build configuration list for PBXNativeTarget "GridStatusTests" */;
			buildPhases = (
				822EAA1829F5843700243ED6 /* Sources */,
				822EAA1929F5843700243ED6 /* Frameworks */,
				822EAA1A29F5843700243ED6 /* Resources */,
			);
			buildRules = (
			);
			dependencies = (
				822EAA1E29F5843700243ED6 /* PBXTargetDependency */,
			);
			name = GridStatusTests;
			productName = GridStatusTests;
			productReference = 822EAA1C29F5843700243ED6 /* GridStatusTests.xctest */;
			productType = "com.apple.product-type.bundle.unit-test";
		};
		822EAA2529F5843700243ED6 /* GridStatusUITests */ = {
			isa = PBXNativeTarget;
			buildConfigurationList = 822EAA3629F5843700243ED6 /* Build configuration list for PBXNativeTarget "GridStatusUITests" */;
			buildPhases = (
				822EAA2229F5843700243ED6 /* Sources */,
				822EAA2329F5843700243ED6 /* Frameworks */,
				822EAA2429F5843700243ED6 /* Resources */,
			);
			buildRules = (
			);
			dependencies = (
				822EAA2829F5843700243ED6 /* PBXTargetDependency */,
			);
			name = GridStatusUITests;
			productName = GridStatusUITests;
			productReference = 822EAA2629F5843700243ED6 /* GridStatusUITests.xctest */;
			productType = "com.apple.product-type.bundle.ui-testing";
		};
		82CF873529FF098400DB974C /* GridStatusWidgetExtension */ = {
			isa = PBXNativeTarget;
			buildConfigurationList = 82CF874C29FF098500DB974C /* Build configuration list for PBXNativeTarget "GridStatusWidgetExtension" */;
			buildPhases = (
				82CF873229FF098400DB974C /* Sources */,
				82CF873329FF098400DB974C /* Frameworks */,
				82CF873429FF098400DB974C /* Resources */,
			);
			buildRules = (
			);
			dependencies = (
			);
			name = GridStatusWidgetExtension;
			packageProductDependencies = (
				820D31F82A02C52C00A2928B /* GridStatusCommonUI */,
			);
			productName = GridStatusWidgetExtension;
			productReference = 82CF873629FF098400DB974C /* GridStatusWidgetExtension.appex */;
			productType = "com.apple.product-type.app-extension";
		};
/* End PBXNativeTarget section */

/* Begin PBXProject section */
		822EAA0329F5843600243ED6 /* Project object */ = {
			isa = PBXProject;
			attributes = {
				BuildIndependentTargetsInParallel = 1;
				LastSwiftUpdateCheck = 1430;
				LastUpgradeCheck = 1430;
				TargetAttributes = {
					822EAA0A29F5843600243ED6 = {
						CreatedOnToolsVersion = 14.3;
					};
					822EAA1B29F5843700243ED6 = {
						CreatedOnToolsVersion = 14.3;
						TestTargetID = 822EAA0A29F5843600243ED6;
					};
					822EAA2529F5843700243ED6 = {
						CreatedOnToolsVersion = 14.3;
						TestTargetID = 822EAA0A29F5843600243ED6;
					};
					82CF873529FF098400DB974C = {
						CreatedOnToolsVersion = 14.3;
					};
				};
			};
			buildConfigurationList = 822EAA0629F5843600243ED6 /* Build configuration list for PBXProject "GridStatus" */;
			compatibilityVersion = "Xcode 14.0";
			developmentRegion = en;
			hasScannedForEncodings = 0;
			knownRegions = (
				en,
				Base,
			);
			mainGroup = 822EAA0229F5843600243ED6;
			packageReferences = (
				820D31F52A02C4E600A2928B /* XCRemoteSwiftPackageReference "GridStatusCommonUI" */,
				820D31FA2A02C74200A2928B /* XCRemoteSwiftPackageReference "Core" */,
			);
			productRefGroup = 822EAA0C29F5843600243ED6 /* Products */;
			projectDirPath = "";
			projectRoot = "";
			targets = (
				822EAA0A29F5843600243ED6 /* GridStatus */,
				822EAA1B29F5843700243ED6 /* GridStatusTests */,
				822EAA2529F5843700243ED6 /* GridStatusUITests */,
				82CF873529FF098400DB974C /* GridStatusWidgetExtension */,
			);
		};
/* End PBXProject section */

/* Begin PBXResourcesBuildPhase section */
		822EAA0929F5843600243ED6 /* Resources */ = {
			isa = PBXResourcesBuildPhase;
			buildActionMask = 2147483647;
			files = (
				822841E22A0B53E8000801F4 /* isos_latest_query_response.json in Resources */,
				822EAA1729F5843700243ED6 /* Preview Assets.xcassets in Resources */,
				822841E12A0B53E8000801F4 /* caiso_standardized_5_min_response.json in Resources */,
				822EAA1329F5843700243ED6 /* Assets.xcassets in Resources */,
			);
			runOnlyForDeploymentPostprocessing = 0;
		};
		822EAA1A29F5843700243ED6 /* Resources */ = {
			isa = PBXResourcesBuildPhase;
			buildActionMask = 2147483647;
			files = (
			);
			runOnlyForDeploymentPostprocessing = 0;
		};
		822EAA2429F5843700243ED6 /* Resources */ = {
			isa = PBXResourcesBuildPhase;
			buildActionMask = 2147483647;
			files = (
			);
			runOnlyForDeploymentPostprocessing = 0;
		};
		82CF873429FF098400DB974C /* Resources */ = {
			isa = PBXResourcesBuildPhase;
			buildActionMask = 2147483647;
			files = (
				82C60F6C2A0C0A83003BA504 /* caiso_standardized_5_min_response.json in Resources */,
				82CF874529FF098500DB974C /* Assets.xcassets in Resources */,
			);
			runOnlyForDeploymentPostprocessing = 0;
		};
/* End PBXResourcesBuildPhase section */

/* Begin PBXSourcesBuildPhase section */
		822EAA0729F5843600243ED6 /* Sources */ = {
			isa = PBXSourcesBuildPhase;
			buildActionMask = 2147483647;
			files = (
				822841E52A0B53E8000801F4 /* StandardFiveMinute.swift in Sources */,
				820D32002A03194800A2928B /* StackedAreaChartItem+ext.swift in Sources */,
				82CF874829FF098500DB974C /* GridStatusWidget.intentdefinition in Sources */,
				822841DF2A0B53E8000801F4 /* StandardFiveMinuteResponse.swift in Sources */,
				82C60F6F2A0C169E003BA504 /* ISOResponse.swift in Sources */,
				822EAA4229F5A1BA00243ED6 /* DateFormatters.swift in Sources */,
				822841E02A0B53E8000801F4 /* GetFiveMinDataRequest.swift in Sources */,
				822633532A035E70005D004A /* AppState+chartConfig.swift in Sources */,
				822EAA4929F5ACF300243ED6 /* AppState.swift in Sources */,
				820390E929FED0B500C9773F /* AppState+isos.swift in Sources */,
				82A196F72A0B1AA000F8F715 /* Date+ext.swift in Sources */,
				822841E32A0B53E8000801F4 /* GetISODetailsRequest.swift in Sources */,
				822841E72A0B5414000801F4 /* Timezone+ext.swift in Sources */,
				820390EC29FED2D400C9773F /* ISOViewItem+ext.swift in Sources */,
				822EAA1129F5843600243ED6 /* DashboardView.swift in Sources */,
				822EAA5629F5C81800243ED6 /* DetailsView.swift in Sources */,
				822841E42A0B53E8000801F4 /* ISO.swift in Sources */,
				822EAA0F29F5843600243ED6 /* GridStatusApp.swift in Sources */,
			);
			runOnlyForDeploymentPostprocessing = 0;
		};
		822EAA1829F5843700243ED6 /* Sources */ = {
			isa = PBXSourcesBuildPhase;
			buildActionMask = 2147483647;
			files = (
				822EAA4529F5A38800243ED6 /* DateFormattersTests.swift in Sources */,
				822EAA2129F5843700243ED6 /* ISOTests.swift in Sources */,
			);
			runOnlyForDeploymentPostprocessing = 0;
		};
		822EAA2229F5843700243ED6 /* Sources */ = {
			isa = PBXSourcesBuildPhase;
			buildActionMask = 2147483647;
			files = (
				822EAA2D29F5843700243ED6 /* GridStatusUITestsLaunchTests.swift in Sources */,
				822EAA2B29F5843700243ED6 /* GridStatusUITests.swift in Sources */,
			);
			runOnlyForDeploymentPostprocessing = 0;
		};
		82CF873229FF098400DB974C /* Sources */ = {
			isa = PBXSourcesBuildPhase;
			buildActionMask = 2147483647;
			files = (
				82C60F692A0C090C003BA504 /* StackedAreaChartItem+ext.swift in Sources */,
				82C60F6A2A0C0917003BA504 /* StandardFiveMinute.swift in Sources */,
				82CF874729FF098500DB974C /* GridStatusWidget.intentdefinition in Sources */,
				82CF874029FF098400DB974C /* GridStatusWidgetLiveActivity.swift in Sources */,
				82CF874229FF098400DB974C /* GridStatusWidget.swift in Sources */,
				82CF873E29FF098400DB974C /* GridStatusWidgetBundle.swift in Sources */,
				82C60F6B2A0C0942003BA504 /* StandardFiveMinuteResponse.swift in Sources */,
				82A196F82A0B1EC800F8F715 /* Date+ext.swift in Sources */,
			);
			runOnlyForDeploymentPostprocessing = 0;
		};
/* End PBXSourcesBuildPhase section */

/* Begin PBXTargetDependency section */
		822EAA1E29F5843700243ED6 /* PBXTargetDependency */ = {
			isa = PBXTargetDependency;
			target = 822EAA0A29F5843600243ED6 /* GridStatus */;
			targetProxy = 822EAA1D29F5843700243ED6 /* PBXContainerItemProxy */;
		};
		822EAA2829F5843700243ED6 /* PBXTargetDependency */ = {
			isa = PBXTargetDependency;
			target = 822EAA0A29F5843600243ED6 /* GridStatus */;
			targetProxy = 822EAA2729F5843700243ED6 /* PBXContainerItemProxy */;
		};
		82CF874A29FF098500DB974C /* PBXTargetDependency */ = {
			isa = PBXTargetDependency;
			target = 82CF873529FF098400DB974C /* GridStatusWidgetExtension */;
			targetProxy = 82CF874929FF098500DB974C /* PBXContainerItemProxy */;
		};
/* End PBXTargetDependency section */

/* Begin XCBuildConfiguration section */
		822EAA2E29F5843700243ED6 /* Debug */ = {
			isa = XCBuildConfiguration;
			buildSettings = {
				ALWAYS_SEARCH_USER_PATHS = NO;
				CLANG_ANALYZER_NONNULL = YES;
				CLANG_ANALYZER_NUMBER_OBJECT_CONVERSION = YES_AGGRESSIVE;
				CLANG_CXX_LANGUAGE_STANDARD = "gnu++20";
				CLANG_ENABLE_MODULES = YES;
				CLANG_ENABLE_OBJC_ARC = YES;
				CLANG_ENABLE_OBJC_WEAK = YES;
				CLANG_WARN_BLOCK_CAPTURE_AUTORELEASING = YES;
				CLANG_WARN_BOOL_CONVERSION = YES;
				CLANG_WARN_COMMA = YES;
				CLANG_WARN_CONSTANT_CONVERSION = YES;
				CLANG_WARN_DEPRECATED_OBJC_IMPLEMENTATIONS = YES;
				CLANG_WARN_DIRECT_OBJC_ISA_USAGE = YES_ERROR;
				CLANG_WARN_DOCUMENTATION_COMMENTS = YES;
				CLANG_WARN_EMPTY_BODY = YES;
				CLANG_WARN_ENUM_CONVERSION = YES;
				CLANG_WARN_INFINITE_RECURSION = YES;
				CLANG_WARN_INT_CONVERSION = YES;
				CLANG_WARN_NON_LITERAL_NULL_CONVERSION = YES;
				CLANG_WARN_OBJC_IMPLICIT_RETAIN_SELF = YES;
				CLANG_WARN_OBJC_LITERAL_CONVERSION = YES;
				CLANG_WARN_OBJC_ROOT_CLASS = YES_ERROR;
				CLANG_WARN_QUOTED_INCLUDE_IN_FRAMEWORK_HEADER = YES;
				CLANG_WARN_RANGE_LOOP_ANALYSIS = YES;
				CLANG_WARN_STRICT_PROTOTYPES = YES;
				CLANG_WARN_SUSPICIOUS_MOVE = YES;
				CLANG_WARN_UNGUARDED_AVAILABILITY = YES_AGGRESSIVE;
				CLANG_WARN_UNREACHABLE_CODE = YES;
				CLANG_WARN__DUPLICATE_METHOD_MATCH = YES;
				COPY_PHASE_STRIP = NO;
				DEBUG_INFORMATION_FORMAT = dwarf;
				ENABLE_STRICT_OBJC_MSGSEND = YES;
				ENABLE_TESTABILITY = YES;
				GCC_C_LANGUAGE_STANDARD = gnu11;
				GCC_DYNAMIC_NO_PIC = NO;
				GCC_NO_COMMON_BLOCKS = YES;
				GCC_OPTIMIZATION_LEVEL = 0;
				GCC_PREPROCESSOR_DEFINITIONS = (
					"DEBUG=1",
					"$(inherited)",
				);
				GCC_WARN_64_TO_32_BIT_CONVERSION = YES;
				GCC_WARN_ABOUT_RETURN_TYPE = YES_ERROR;
				GCC_WARN_UNDECLARED_SELECTOR = YES;
				GCC_WARN_UNINITIALIZED_AUTOS = YES_AGGRESSIVE;
				GCC_WARN_UNUSED_FUNCTION = YES;
				GCC_WARN_UNUSED_VARIABLE = YES;
				MTL_ENABLE_DEBUG_INFO = INCLUDE_SOURCE;
				MTL_FAST_MATH = YES;
				ONLY_ACTIVE_ARCH = YES;
				SWIFT_ACTIVE_COMPILATION_CONDITIONS = DEBUG;
				SWIFT_OPTIMIZATION_LEVEL = "-Onone";
			};
			name = Debug;
		};
		822EAA2F29F5843700243ED6 /* Release */ = {
			isa = XCBuildConfiguration;
			buildSettings = {
				ALWAYS_SEARCH_USER_PATHS = NO;
				CLANG_ANALYZER_NONNULL = YES;
				CLANG_ANALYZER_NUMBER_OBJECT_CONVERSION = YES_AGGRESSIVE;
				CLANG_CXX_LANGUAGE_STANDARD = "gnu++20";
				CLANG_ENABLE_MODULES = YES;
				CLANG_ENABLE_OBJC_ARC = YES;
				CLANG_ENABLE_OBJC_WEAK = YES;
				CLANG_WARN_BLOCK_CAPTURE_AUTORELEASING = YES;
				CLANG_WARN_BOOL_CONVERSION = YES;
				CLANG_WARN_COMMA = YES;
				CLANG_WARN_CONSTANT_CONVERSION = YES;
				CLANG_WARN_DEPRECATED_OBJC_IMPLEMENTATIONS = YES;
				CLANG_WARN_DIRECT_OBJC_ISA_USAGE = YES_ERROR;
				CLANG_WARN_DOCUMENTATION_COMMENTS = YES;
				CLANG_WARN_EMPTY_BODY = YES;
				CLANG_WARN_ENUM_CONVERSION = YES;
				CLANG_WARN_INFINITE_RECURSION = YES;
				CLANG_WARN_INT_CONVERSION = YES;
				CLANG_WARN_NON_LITERAL_NULL_CONVERSION = YES;
				CLANG_WARN_OBJC_IMPLICIT_RETAIN_SELF = YES;
				CLANG_WARN_OBJC_LITERAL_CONVERSION = YES;
				CLANG_WARN_OBJC_ROOT_CLASS = YES_ERROR;
				CLANG_WARN_QUOTED_INCLUDE_IN_FRAMEWORK_HEADER = YES;
				CLANG_WARN_RANGE_LOOP_ANALYSIS = YES;
				CLANG_WARN_STRICT_PROTOTYPES = YES;
				CLANG_WARN_SUSPICIOUS_MOVE = YES;
				CLANG_WARN_UNGUARDED_AVAILABILITY = YES_AGGRESSIVE;
				CLANG_WARN_UNREACHABLE_CODE = YES;
				CLANG_WARN__DUPLICATE_METHOD_MATCH = YES;
				COPY_PHASE_STRIP = NO;
				DEBUG_INFORMATION_FORMAT = "dwarf-with-dsym";
				ENABLE_NS_ASSERTIONS = NO;
				ENABLE_STRICT_OBJC_MSGSEND = YES;
				GCC_C_LANGUAGE_STANDARD = gnu11;
				GCC_NO_COMMON_BLOCKS = YES;
				GCC_WARN_64_TO_32_BIT_CONVERSION = YES;
				GCC_WARN_ABOUT_RETURN_TYPE = YES_ERROR;
				GCC_WARN_UNDECLARED_SELECTOR = YES;
				GCC_WARN_UNINITIALIZED_AUTOS = YES_AGGRESSIVE;
				GCC_WARN_UNUSED_FUNCTION = YES;
				GCC_WARN_UNUSED_VARIABLE = YES;
				MTL_ENABLE_DEBUG_INFO = NO;
				MTL_FAST_MATH = YES;
				SWIFT_COMPILATION_MODE = wholemodule;
				SWIFT_OPTIMIZATION_LEVEL = "-O";
			};
			name = Release;
		};
		822EAA3129F5843700243ED6 /* Debug */ = {
			isa = XCBuildConfiguration;
			buildSettings = {
				ALWAYS_EMBED_SWIFT_STANDARD_LIBRARIES = YES;
				ASSETCATALOG_COMPILER_APPICON_NAME = AppIcon;
				ASSETCATALOG_COMPILER_GLOBAL_ACCENT_COLOR_NAME = AccentColor;
				CODE_SIGN_ENTITLEMENTS = GridStatus/GridStatus.entitlements;
				CODE_SIGN_STYLE = Automatic;
				CURRENT_PROJECT_VERSION = 1;
				DEVELOPMENT_ASSET_PATHS = "\"GridStatus/Preview Content\"";
				DEVELOPMENT_TEAM = X5L44P25U7;
				ENABLE_HARDENED_RUNTIME = YES;
				ENABLE_PREVIEWS = YES;
				GENERATE_INFOPLIST_FILE = YES;
				"INFOPLIST_KEY_UIApplicationSceneManifest_Generation[sdk=iphoneos*]" = YES;
				"INFOPLIST_KEY_UIApplicationSceneManifest_Generation[sdk=iphonesimulator*]" = YES;
				"INFOPLIST_KEY_UIApplicationSupportsIndirectInputEvents[sdk=iphoneos*]" = YES;
				"INFOPLIST_KEY_UIApplicationSupportsIndirectInputEvents[sdk=iphonesimulator*]" = YES;
				"INFOPLIST_KEY_UILaunchScreen_Generation[sdk=iphoneos*]" = YES;
				"INFOPLIST_KEY_UILaunchScreen_Generation[sdk=iphonesimulator*]" = YES;
				"INFOPLIST_KEY_UIStatusBarStyle[sdk=iphoneos*]" = UIStatusBarStyleDefault;
				"INFOPLIST_KEY_UIStatusBarStyle[sdk=iphonesimulator*]" = UIStatusBarStyleDefault;
				INFOPLIST_KEY_UISupportedInterfaceOrientations_iPad = "UIInterfaceOrientationPortrait UIInterfaceOrientationPortraitUpsideDown UIInterfaceOrientationLandscapeLeft UIInterfaceOrientationLandscapeRight";
				INFOPLIST_KEY_UISupportedInterfaceOrientations_iPhone = UIInterfaceOrientationPortrait;
				IPHONEOS_DEPLOYMENT_TARGET = 16.4;
				LD_RUNPATH_SEARCH_PATHS = "@executable_path/Frameworks";
				"LD_RUNPATH_SEARCH_PATHS[sdk=macosx*]" = "@executable_path/../Frameworks";
				MACOSX_DEPLOYMENT_TARGET = 13.3;
				MARKETING_VERSION = 1.0;
				PRODUCT_BUNDLE_IDENTIFIER = com.legorrec.GridStatus;
				PRODUCT_NAME = "$(TARGET_NAME)";
				SDKROOT = auto;
				SUPPORTED_PLATFORMS = "iphoneos iphonesimulator macosx";
				SWIFT_EMIT_LOC_STRINGS = YES;
				SWIFT_VERSION = 5.0;
				TARGETED_DEVICE_FAMILY = "1,2";
			};
			name = Debug;
		};
		822EAA3229F5843700243ED6 /* Release */ = {
			isa = XCBuildConfiguration;
			buildSettings = {
				ALWAYS_EMBED_SWIFT_STANDARD_LIBRARIES = YES;
				ASSETCATALOG_COMPILER_APPICON_NAME = AppIcon;
				ASSETCATALOG_COMPILER_GLOBAL_ACCENT_COLOR_NAME = AccentColor;
				CODE_SIGN_ENTITLEMENTS = GridStatus/GridStatus.entitlements;
				CODE_SIGN_STYLE = Automatic;
				CURRENT_PROJECT_VERSION = 1;
				DEVELOPMENT_ASSET_PATHS = "\"GridStatus/Preview Content\"";
				DEVELOPMENT_TEAM = X5L44P25U7;
				ENABLE_HARDENED_RUNTIME = YES;
				ENABLE_PREVIEWS = YES;
				GENERATE_INFOPLIST_FILE = YES;
				"INFOPLIST_KEY_UIApplicationSceneManifest_Generation[sdk=iphoneos*]" = YES;
				"INFOPLIST_KEY_UIApplicationSceneManifest_Generation[sdk=iphonesimulator*]" = YES;
				"INFOPLIST_KEY_UIApplicationSupportsIndirectInputEvents[sdk=iphoneos*]" = YES;
				"INFOPLIST_KEY_UIApplicationSupportsIndirectInputEvents[sdk=iphonesimulator*]" = YES;
				"INFOPLIST_KEY_UILaunchScreen_Generation[sdk=iphoneos*]" = YES;
				"INFOPLIST_KEY_UILaunchScreen_Generation[sdk=iphonesimulator*]" = YES;
				"INFOPLIST_KEY_UIStatusBarStyle[sdk=iphoneos*]" = UIStatusBarStyleDefault;
				"INFOPLIST_KEY_UIStatusBarStyle[sdk=iphonesimulator*]" = UIStatusBarStyleDefault;
				INFOPLIST_KEY_UISupportedInterfaceOrientations_iPad = "UIInterfaceOrientationPortrait UIInterfaceOrientationPortraitUpsideDown UIInterfaceOrientationLandscapeLeft UIInterfaceOrientationLandscapeRight";
				INFOPLIST_KEY_UISupportedInterfaceOrientations_iPhone = UIInterfaceOrientationPortrait;
				IPHONEOS_DEPLOYMENT_TARGET = 16.4;
				LD_RUNPATH_SEARCH_PATHS = "@executable_path/Frameworks";
				"LD_RUNPATH_SEARCH_PATHS[sdk=macosx*]" = "@executable_path/../Frameworks";
				MACOSX_DEPLOYMENT_TARGET = 13.3;
				MARKETING_VERSION = 1.0;
				PRODUCT_BUNDLE_IDENTIFIER = com.legorrec.GridStatus;
				PRODUCT_NAME = "$(TARGET_NAME)";
				SDKROOT = auto;
				SUPPORTED_PLATFORMS = "iphoneos iphonesimulator macosx";
				SWIFT_EMIT_LOC_STRINGS = YES;
				SWIFT_VERSION = 5.0;
				TARGETED_DEVICE_FAMILY = "1,2";
			};
			name = Release;
		};
		822EAA3429F5843700243ED6 /* Debug */ = {
			isa = XCBuildConfiguration;
			buildSettings = {
				ALWAYS_EMBED_SWIFT_STANDARD_LIBRARIES = YES;
				BUNDLE_LOADER = "$(TEST_HOST)";
				CODE_SIGN_STYLE = Automatic;
				CURRENT_PROJECT_VERSION = 1;
				DEVELOPMENT_TEAM = X5L44P25U7;
				GENERATE_INFOPLIST_FILE = YES;
				IPHONEOS_DEPLOYMENT_TARGET = 16.4;
				MACOSX_DEPLOYMENT_TARGET = 13.3;
				MARKETING_VERSION = 1.0;
				PRODUCT_BUNDLE_IDENTIFIER = com.legorrec.GridStatusTests;
				PRODUCT_NAME = "$(TARGET_NAME)";
				SDKROOT = auto;
				SUPPORTED_PLATFORMS = "iphoneos iphonesimulator macosx";
				SWIFT_EMIT_LOC_STRINGS = NO;
				SWIFT_VERSION = 5.0;
				TARGETED_DEVICE_FAMILY = "1,2";
				TEST_HOST = "$(BUILT_PRODUCTS_DIR)/GridStatus.app/$(BUNDLE_EXECUTABLE_FOLDER_PATH)/GridStatus";
			};
			name = Debug;
		};
		822EAA3529F5843700243ED6 /* Release */ = {
			isa = XCBuildConfiguration;
			buildSettings = {
				ALWAYS_EMBED_SWIFT_STANDARD_LIBRARIES = YES;
				BUNDLE_LOADER = "$(TEST_HOST)";
				CODE_SIGN_STYLE = Automatic;
				CURRENT_PROJECT_VERSION = 1;
				DEVELOPMENT_TEAM = X5L44P25U7;
				GENERATE_INFOPLIST_FILE = YES;
				IPHONEOS_DEPLOYMENT_TARGET = 16.4;
				MACOSX_DEPLOYMENT_TARGET = 13.3;
				MARKETING_VERSION = 1.0;
				PRODUCT_BUNDLE_IDENTIFIER = com.legorrec.GridStatusTests;
				PRODUCT_NAME = "$(TARGET_NAME)";
				SDKROOT = auto;
				SUPPORTED_PLATFORMS = "iphoneos iphonesimulator macosx";
				SWIFT_EMIT_LOC_STRINGS = NO;
				SWIFT_VERSION = 5.0;
				TARGETED_DEVICE_FAMILY = "1,2";
				TEST_HOST = "$(BUILT_PRODUCTS_DIR)/GridStatus.app/$(BUNDLE_EXECUTABLE_FOLDER_PATH)/GridStatus";
			};
			name = Release;
		};
		822EAA3729F5843700243ED6 /* Debug */ = {
			isa = XCBuildConfiguration;
			buildSettings = {
				ALWAYS_EMBED_SWIFT_STANDARD_LIBRARIES = YES;
				CODE_SIGN_STYLE = Automatic;
				CURRENT_PROJECT_VERSION = 1;
				DEVELOPMENT_TEAM = X5L44P25U7;
				GENERATE_INFOPLIST_FILE = YES;
				IPHONEOS_DEPLOYMENT_TARGET = 16.4;
				MACOSX_DEPLOYMENT_TARGET = 13.3;
				MARKETING_VERSION = 1.0;
				PRODUCT_BUNDLE_IDENTIFIER = com.legorrec.GridStatusUITests;
				PRODUCT_NAME = "$(TARGET_NAME)";
				SDKROOT = auto;
				SUPPORTED_PLATFORMS = "iphoneos iphonesimulator macosx";
				SWIFT_EMIT_LOC_STRINGS = NO;
				SWIFT_VERSION = 5.0;
				TARGETED_DEVICE_FAMILY = "1,2";
				TEST_TARGET_NAME = GridStatus;
			};
			name = Debug;
		};
		822EAA3829F5843700243ED6 /* Release */ = {
			isa = XCBuildConfiguration;
			buildSettings = {
				ALWAYS_EMBED_SWIFT_STANDARD_LIBRARIES = YES;
				CODE_SIGN_STYLE = Automatic;
				CURRENT_PROJECT_VERSION = 1;
				DEVELOPMENT_TEAM = X5L44P25U7;
				GENERATE_INFOPLIST_FILE = YES;
				IPHONEOS_DEPLOYMENT_TARGET = 16.4;
				MACOSX_DEPLOYMENT_TARGET = 13.3;
				MARKETING_VERSION = 1.0;
				PRODUCT_BUNDLE_IDENTIFIER = com.legorrec.GridStatusUITests;
				PRODUCT_NAME = "$(TARGET_NAME)";
				SDKROOT = auto;
				SUPPORTED_PLATFORMS = "iphoneos iphonesimulator macosx";
				SWIFT_EMIT_LOC_STRINGS = NO;
				SWIFT_VERSION = 5.0;
				TARGETED_DEVICE_FAMILY = "1,2";
				TEST_TARGET_NAME = GridStatus;
			};
			name = Release;
		};
		82CF874D29FF098500DB974C /* Debug */ = {
			isa = XCBuildConfiguration;
			buildSettings = {
				ASSETCATALOG_COMPILER_GLOBAL_ACCENT_COLOR_NAME = AccentColor;
				ASSETCATALOG_COMPILER_WIDGET_BACKGROUND_COLOR_NAME = WidgetBackground;
				CODE_SIGN_STYLE = Automatic;
				CURRENT_PROJECT_VERSION = 1;
				DEVELOPMENT_TEAM = X5L44P25U7;
				GENERATE_INFOPLIST_FILE = YES;
				INFOPLIST_FILE = GridStatusWidget/Info.plist;
				INFOPLIST_KEY_CFBundleDisplayName = GridStatusWidget;
				INFOPLIST_KEY_NSHumanReadableCopyright = "";
				IPHONEOS_DEPLOYMENT_TARGET = 16.4;
				LD_RUNPATH_SEARCH_PATHS = (
					"$(inherited)",
					"@executable_path/Frameworks",
					"@executable_path/../../Frameworks",
				);
				MARKETING_VERSION = 1.0;
				PRODUCT_BUNDLE_IDENTIFIER = com.legorrec.GridStatus.GridStatusWidget;
				PRODUCT_NAME = "$(TARGET_NAME)";
				SDKROOT = iphoneos;
				SKIP_INSTALL = YES;
				SWIFT_EMIT_LOC_STRINGS = YES;
				SWIFT_VERSION = 5.0;
				TARGETED_DEVICE_FAMILY = "1,2";
			};
			name = Debug;
		};
		82CF874E29FF098500DB974C /* Release */ = {
			isa = XCBuildConfiguration;
			buildSettings = {
				ASSETCATALOG_COMPILER_GLOBAL_ACCENT_COLOR_NAME = AccentColor;
				ASSETCATALOG_COMPILER_WIDGET_BACKGROUND_COLOR_NAME = WidgetBackground;
				CODE_SIGN_STYLE = Automatic;
				CURRENT_PROJECT_VERSION = 1;
				DEVELOPMENT_TEAM = X5L44P25U7;
				GENERATE_INFOPLIST_FILE = YES;
				INFOPLIST_FILE = GridStatusWidget/Info.plist;
				INFOPLIST_KEY_CFBundleDisplayName = GridStatusWidget;
				INFOPLIST_KEY_NSHumanReadableCopyright = "";
				IPHONEOS_DEPLOYMENT_TARGET = 16.4;
				LD_RUNPATH_SEARCH_PATHS = (
					"$(inherited)",
					"@executable_path/Frameworks",
					"@executable_path/../../Frameworks",
				);
				MARKETING_VERSION = 1.0;
				PRODUCT_BUNDLE_IDENTIFIER = com.legorrec.GridStatus.GridStatusWidget;
				PRODUCT_NAME = "$(TARGET_NAME)";
				SDKROOT = iphoneos;
				SKIP_INSTALL = YES;
				SWIFT_EMIT_LOC_STRINGS = YES;
				SWIFT_VERSION = 5.0;
				TARGETED_DEVICE_FAMILY = "1,2";
				VALIDATE_PRODUCT = YES;
			};
			name = Release;
		};
/* End XCBuildConfiguration section */

/* Begin XCConfigurationList section */
		822EAA0629F5843600243ED6 /* Build configuration list for PBXProject "GridStatus" */ = {
			isa = XCConfigurationList;
			buildConfigurations = (
				822EAA2E29F5843700243ED6 /* Debug */,
				822EAA2F29F5843700243ED6 /* Release */,
			);
			defaultConfigurationIsVisible = 0;
			defaultConfigurationName = Release;
		};
		822EAA3029F5843700243ED6 /* Build configuration list for PBXNativeTarget "GridStatus" */ = {
			isa = XCConfigurationList;
			buildConfigurations = (
				822EAA3129F5843700243ED6 /* Debug */,
				822EAA3229F5843700243ED6 /* Release */,
			);
			defaultConfigurationIsVisible = 0;
			defaultConfigurationName = Release;
		};
		822EAA3329F5843700243ED6 /* Build configuration list for PBXNativeTarget "GridStatusTests" */ = {
			isa = XCConfigurationList;
			buildConfigurations = (
				822EAA3429F5843700243ED6 /* Debug */,
				822EAA3529F5843700243ED6 /* Release */,
			);
			defaultConfigurationIsVisible = 0;
			defaultConfigurationName = Release;
		};
		822EAA3629F5843700243ED6 /* Build configuration list for PBXNativeTarget "GridStatusUITests" */ = {
			isa = XCConfigurationList;
			buildConfigurations = (
				822EAA3729F5843700243ED6 /* Debug */,
				822EAA3829F5843700243ED6 /* Release */,
			);
			defaultConfigurationIsVisible = 0;
			defaultConfigurationName = Release;
		};
		82CF874C29FF098500DB974C /* Build configuration list for PBXNativeTarget "GridStatusWidgetExtension" */ = {
			isa = XCConfigurationList;
			buildConfigurations = (
				82CF874D29FF098500DB974C /* Debug */,
				82CF874E29FF098500DB974C /* Release */,
			);
			defaultConfigurationIsVisible = 0;
			defaultConfigurationName = Release;
		};
/* End XCConfigurationList section */

/* Begin XCRemoteSwiftPackageReference section */
		820D31F52A02C4E600A2928B /* XCRemoteSwiftPackageReference "GridStatusCommonUI" */ = {
			isa = XCRemoteSwiftPackageReference;
			repositoryURL = "https://github.com/niclego/GridStatusCommonUI.git";
			requirement = {
				branch = develop;
				kind = branch;
			};
		};
		820D31FA2A02C74200A2928B /* XCRemoteSwiftPackageReference "Core" */ = {
			isa = XCRemoteSwiftPackageReference;
			repositoryURL = "https://github.com/niclego/Core.git";
			requirement = {
				branch = develop;
				kind = branch;
			};
		};
/* End XCRemoteSwiftPackageReference section */

/* Begin XCSwiftPackageProductDependency section */
		820D31F62A02C4E600A2928B /* GridStatusCommonUI */ = {
			isa = XCSwiftPackageProductDependency;
			package = 820D31F52A02C4E600A2928B /* XCRemoteSwiftPackageReference "GridStatusCommonUI" */;
			productName = GridStatusCommonUI;
		};
		820D31F82A02C52C00A2928B /* GridStatusCommonUI */ = {
			isa = XCSwiftPackageProductDependency;
			package = 820D31F52A02C4E600A2928B /* XCRemoteSwiftPackageReference "GridStatusCommonUI" */;
			productName = GridStatusCommonUI;
		};
		820D31FB2A02C74200A2928B /* Core */ = {
			isa = XCSwiftPackageProductDependency;
			package = 820D31FA2A02C74200A2928B /* XCRemoteSwiftPackageReference "Core" */;
			productName = Core;
		};
/* End XCSwiftPackageProductDependency section */
	};
	rootObject = 822EAA0329F5843600243ED6 /* Project object */;
}
