{
  "pins" : [
    {
      "identity" : "core",
      "kind" : "remoteSourceControl",
      "location" : "https://github.com/niclego/Core.git",
      "state" : {
        "branch" : "develop",
        "revision" : "fab2ccdb5cf60911999ce97ff0ddc2f6750d1033"
      }
    },
    {
      "identity" : "gridstatuscommonui",
      "kind" : "remoteSourceControl",
      "location" : "https://github.com/niclego/GridStatusCommonUI.git",
      "state" : {
        "branch" : "develop",
        "revision" : "a4b77fb15e310a581f659111a88b0df504a391e4"
      }
    }
  ],
  "version" : 2
}
