{
  "pins" : [
    {
      "identity" : "core",
      "kind" : "remoteSourceControl",
      "location" : "https://github.com/niclego/Core.git",
      "state" : {
        "branch" : "develop",
        "revision" : "fab2ccdb5cf60911999ce97ff0ddc2f6750d1033"
      }
    },
    {
      "identity" : "gridstatuscommonui",
      "kind" : "remoteSourceControl",
      "location" : "https://github.com/niclego/GridStatusCommonUI.git",
      "state" : {
        "branch" : "develop",
        "revision" : "b55573b03b911173de0a57e1c774527c17ee941b"
      }
    }
  ],
  "version" : 2
}
